
Microsoft Visual Studio Solution File, Format Version 12.00
# Visual Studio 15
VisualStudioVersion = 15.0.28307.329
MinimumVisualStudioVersion = 10.0.40219.1
Project("{FAE04EC0-301F-11D3-BF4B-00C04F79EFBC}") = "MyCar", "MyCar\MyCar.csproj", "{42AB9D15-FE17-4944-8110-5D4EE0C0E98D}"
EndProject
Global
	GlobalSection(SolutionConfigurationPlatforms) = preSolution
		Debug|Any CPU = Debug|Any CPU
		Release|Any CPU = Release|Any CPU
	EndGlobalSection
	GlobalSection(ProjectConfigurationPlatforms) = postSolution
		{42AB9D15-FE17-4944-8110-5D4EE0C0E98D}.Debug|Any CPU.ActiveCfg = Debug|Any CPU
		{42AB9D15-FE17-4944-8110-5D4EE0C0E98D}.Debug|Any CPU.Build.0 = Debug|Any CPU
		{42AB9D15-FE17-4944-8110-5D4EE0C0E98D}.Release|Any CPU.ActiveCfg = Release|Any CPU
		{42AB9D15-FE17-4944-8110-5D4EE0C0E98D}.Release|Any CPU.Build.0 = Release|Any CPU
	EndGlobalSection
	GlobalSection(SolutionProperties) = preSolution
		HideSolutionNode = FALSE
	EndGlobalSection
	GlobalSection(ExtensibilityGlobals) = postSolution
		SolutionGuid = {47540C82-2337-4EAB-B8DE-39F937B54D46}
	EndGlobalSection
EndGlobal
